
Microsoft Visual Studio Solution File, Format Version 12.00
# Visual Studio Version 16
VisualStudioVersion = 16.0.31005.135
MinimumVisualStudioVersion = 10.0.40219.1
Project("{FAE04EC0-301F-11D3-BF4B-00C04F79EFBC}") = "ApiNewBookModelsTests", "ApiNewBookModelsTests\ApiNewBookModelsTests.csproj", "{C9E93359-A53A-4555-98F6-CEA5CE8C596E}"
EndProject
Global
	GlobalSection(SolutionConfigurationPlatforms) = preSolution
		Debug|Any CPU = Debug|Any CPU
		Release|Any CPU = Release|Any CPU
	EndGlobalSection
	GlobalSection(ProjectConfigurationPlatforms) = postSolution
		{C9E93359-A53A-4555-98F6-CEA5CE8C596E}.Debug|Any CPU.ActiveCfg = Debug|Any CPU
		{C9E93359-A53A-4555-98F6-CEA5CE8C596E}.Debug|Any CPU.Build.0 = Debug|Any CPU
		{C9E93359-A53A-4555-98F6-CEA5CE8C596E}.Release|Any CPU.ActiveCfg = Release|Any CPU
		{C9E93359-A53A-4555-98F6-CEA5CE8C596E}.Release|Any CPU.Build.0 = Release|Any CPU
	EndGlobalSection
	GlobalSection(SolutionProperties) = preSolution
		HideSolutionNode = FALSE
	EndGlobalSection
	GlobalSection(ExtensibilityGlobals) = postSolution
		SolutionGuid = {D1413C2E-2D60-4BD3-9E0C-21E502A03458}
	EndGlobalSection
EndGlobal
